
Microsoft Visual Studio Solution File, Format Version 12.00
# Visual Studio Version 16
VisualStudioVersion = 16.0.31025.194
MinimumVisualStudioVersion = 10.0.40219.1
Project("{8BC9CEB8-8B4A-11D0-8D11-00A0C91BC942}") = "ShellOpener", "ShellOpener\ShellOpener.vcxproj", "{6D2E4841-0430-4624-9909-F5AA123F0B63}"
EndProject
Project("{8BC9CEB8-8B4A-11D0-8D11-00A0C91BC942}") = "ShowInvokeInfo", "ShowInvokeInfo\ShowInvokeInfo.vcxproj", "{32B8CC19-C7EF-4F9F-B28B-CB79511F23CE}"
EndProject
Project("{2150E333-8FDC-42A3-9474-1A3956D46DE8}") = "Solution Items", "Solution Items", "{35D5311E-B355-46C2-BDB9-B164A482F0F2}"
	ProjectSection(SolutionItems) = preProject
		.gitignore = .gitignore
		comctl6.h = comctl6.h
		README.md = README.md
	EndProjectSection
EndProject
Project("{8BC9CEB8-8B4A-11D0-8D11-00A0C91BC942}") = "Launcher", "Launcher\Launcher.vcxproj", "{C41C77BA-6E7F-4773-8A21-9692BE04A36C}"
EndProject
Global
	GlobalSection(SolutionConfigurationPlatforms) = preSolution
		Debug|x64 = Debug|x64
		Debug|x86 = Debug|x86
		Release|x64 = Release|x64
		Release|x86 = Release|x86
	EndGlobalSection
	GlobalSection(ProjectConfigurationPlatforms) = postSolution
		{6D2E4841-0430-4624-9909-F5AA123F0B63}.Debug|x64.ActiveCfg = Debug|x64
		{6D2E4841-0430-4624-9909-F5AA123F0B63}.Debug|x64.Build.0 = Debug|x64
		{6D2E4841-0430-4624-9909-F5AA123F0B63}.Debug|x86.ActiveCfg = Debug|Win32
		{6D2E4841-0430-4624-9909-F5AA123F0B63}.Debug|x86.Build.0 = Debug|Win32
		{6D2E4841-0430-4624-9909-F5AA123F0B63}.Release|x64.ActiveCfg = Release|x64
		{6D2E4841-0430-4624-9909-F5AA123F0B63}.Release|x64.Build.0 = Release|x64
		{6D2E4841-0430-4624-9909-F5AA123F0B63}.Release|x86.ActiveCfg = Release|Win32
		{6D2E4841-0430-4624-9909-F5AA123F0B63}.Release|x86.Build.0 = Release|Win32
		{32B8CC19-C7EF-4F9F-B28B-CB79511F23CE}.Debug|x64.ActiveCfg = Debug|x64
		{32B8CC19-C7EF-4F9F-B28B-CB79511F23CE}.Debug|x64.Build.0 = Debug|x64
		{32B8CC19-C7EF-4F9F-B28B-CB79511F23CE}.Debug|x86.ActiveCfg = Debug|Win32
		{32B8CC19-C7EF-4F9F-B28B-CB79511F23CE}.Debug|x86.Build.0 = Debug|Win32
		{32B8CC19-C7EF-4F9F-B28B-CB79511F23CE}.Release|x64.ActiveCfg = Release|x64
		{32B8CC19-C7EF-4F9F-B28B-CB79511F23CE}.Release|x64.Build.0 = Release|x64
		{32B8CC19-C7EF-4F9F-B28B-CB79511F23CE}.Release|x86.ActiveCfg = Release|Win32
		{32B8CC19-C7EF-4F9F-B28B-CB79511F23CE}.Release|x86.Build.0 = Release|Win32
		{C41C77BA-6E7F-4773-8A21-9692BE04A36C}.Debug|x64.ActiveCfg = Debug|x64
		{C41C77BA-6E7F-4773-8A21-9692BE04A36C}.Debug|x64.Build.0 = Debug|x64
		{C41C77BA-6E7F-4773-8A21-9692BE04A36C}.Debug|x86.ActiveCfg = Debug|Win32
		{C41C77BA-6E7F-4773-8A21-9692BE04A36C}.Debug|x86.Build.0 = Debug|Win32
		{C41C77BA-6E7F-4773-8A21-9692BE04A36C}.Release|x64.ActiveCfg = Release|x64
		{C41C77BA-6E7F-4773-8A21-9692BE04A36C}.Release|x64.Build.0 = Release|x64
		{C41C77BA-6E7F-4773-8A21-9692BE04A36C}.Release|x86.ActiveCfg = Release|Win32
		{C41C77BA-6E7F-4773-8A21-9692BE04A36C}.Release|x86.Build.0 = Release|Win32
	EndGlobalSection
	GlobalSection(SolutionProperties) = preSolution
		HideSolutionNode = FALSE
	EndGlobalSection
	GlobalSection(ExtensibilityGlobals) = postSolution
		SolutionGuid = {61313021-A982-48BA-8B5D-35850A17CB51}
	EndGlobalSection
EndGlobal
